{
  "version": 4,
  "terraform_version": "0.12.24",
  "serial": 1,
  "lineage": "309588e4-19e8-c9e0-b9a3-b16993a2283d",
  "outputs": {},
  "resources": [
    {
      "mode": "managed",
      "type": "aws_vpc",
      "name": "vpc",
      "provider": "provider.aws",
      "instances": [
        {
          "schema_version": 1,
          "attributes": {
            "arn": "arn:aws:ec2:ap-northeast-1:205517682422:vpc/vpc-0399940b0faaa1d40",
            "assign_generated_ipv6_cidr_block": false,
            "cidr_block": "10.0.0.0/16",
            "default_network_acl_id": "acl-0b7790cb22987568a",
            "default_route_table_id": "rtb-0be81312ebb75373e",
            "default_security_group_id": "sg-00ab02c20ca808dea",
            "dhcp_options_id": "dopt-f2f6f695",
            "enable_classiclink": false,
            "enable_classiclink_dns_support": false,
            "enable_dns_hostnames": false,
            "enable_dns_support": true,
            "id": "vpc-0399940b0faaa1d40",
            "instance_tenancy": "default",
            "ipv6_association_id": "",
            "ipv6_cidr_block": "",
            "main_route_table_id": "rtb-0be81312ebb75373e",
            "owner_id": "205517682422",
            "tags": {
              "Name": "Vpc-for-MemoryTank"
            },
            "tags_all": {
              "Name": "Vpc-for-MemoryTank"
            }
          },
          "private": "eyJzY2hlbWFfdmVyc2lvbiI6IjEifQ=="
        }
      ]
    }
  ]
}
